uuid: 6c8cfb9c-7c31-4e73-80e3-8d8df1147ee7
langcode: en
status: true
dependencies:
  config:
    - field.storage.node.field_additional_location_inform
    - field.storage.node.field_event_building
    - field.storage.node.field_event_date
    - field.storage.node.field_time_zones
    - node.type.event
  module:
    - address
    - datetime
    - node
    - options
    - user
id: event_date_block
label: 'Event Date Block'
module: views
description: ''
tag: ''
base_table: node_field_data
base_field: nid
core: 8.x
display:
  default:
    display_plugin: default
    id: default
    display_title: Master
    position: 0
    display_options:
      access:
        type: perm
        options:
          perm: 'access content'
      cache:
        type: tag
        options: {  }
      query:
        type: views_query
        options:
          disable_sql_rewrite: false
          distinct: false
          replica: false
          query_comment: ''
          query_tags: {  }
      exposed_form:
        type: basic
        options:
          submit_button: Apply
          reset_button: false
          reset_button_label: Reset
          exposed_sorts_label: 'Sort by'
          expose_sort_order: true
          sort_asc_label: Asc
          sort_desc_label: Desc
      pager:
        type: some
        options:
          items_per_page: 1
          offset: 0
      style:
        type: default
      row:
        type: fields
      fields:
        field_time_zones:
          id: field_time_zones
          table: node__field_time_zones
          field: field_time_zones
          relationship: none
          group_type: group
          admin_label: ''
          label: ''
          exclude: true
          alter:
            alter_text: true
            text: '- {{ field_time_zones }} '
            make_link: false
            path: ''
            absolute: false
            external: false
            replace_spaces: false
            path_case: none
            trim_whitespace: false
            alt: ''
            rel: ''
            link_class: ''
            prefix: ''
            suffix: ''
            target: ''
            nl2br: false
            max_length: 0
            word_boundary: true
            ellipsis: true
            more_link: false
            more_link_text: ''
            more_link_path: ''
            strip_tags: false
            trim: false
            preserve_tags: ''
            html: false
          element_type: ''
          element_class: ''
          element_label_type: ''
          element_label_class: ''
          element_label_colon: false
          element_wrapper_type: ''
          element_wrapper_class: ''
          element_default_classes: true
          empty: ''
          hide_empty: false
          empty_zero: false
          hide_alter_empty: true
          click_sort_column: value
          type: list_key
          settings: {  }
          group_column: value
          group_columns: {  }
          group_rows: true
          delta_limit: 0
          delta_offset: 0
          delta_reversed: false
          delta_first_last: false
          multi_type: separator
          separator: ', '
          field_api_classes: false
          plugin_id: field
        field_event_date:
          id: field_event_date
          table: node__field_event_date
          field: field_event_date
          relationship: none
          group_type: group
          admin_label: ''
          label: ''
          exclude: false
          alter:
            alter_text: true
            text: "<i class=\"fa fa-calendar fa-2\" aria-hidden=\"true\"></i>{{ field_event_date }} {{ field_time_zones }}\n"
            make_link: false
            path: ''
            absolute: false
            external: false
            replace_spaces: false
            path_case: none
            trim_whitespace: false
            alt: ''
            rel: ''
            link_class: ''
            prefix: ''
            suffix: ''
            target: ''
            nl2br: false
            max_length: 0
            word_boundary: true
            ellipsis: true
            more_link: false
            more_link_text: ''
            more_link_path: ''
            strip_tags: false
            trim: false
            preserve_tags: ''
            html: false
          element_type: ''
          element_class: ''
          element_label_type: ''
          element_label_class: ''
          element_label_colon: false
          element_wrapper_type: ''
          element_wrapper_class: ''
          element_default_classes: true
          empty: ''
          hide_empty: false
          empty_zero: false
          hide_alter_empty: true
          click_sort_column: value
          type: datetime_default
          settings:
            timezone_override: ''
            format_type: event_date_format
          group_column: value
          group_columns: {  }
          group_rows: true
          delta_limit: 0
          delta_offset: 0
          delta_reversed: false
          delta_first_last: false
          multi_type: separator
          separator: ', '
          field_api_classes: false
          plugin_id: field
        nothing:
          id: nothing
          table: views
          field: nothing
          relationship: none
          group_type: group
          admin_label: ''
          label: ''
          exclude: false
          alter:
            alter_text: true
            text: '<i class="fa fa-map-marker" aria-hidden="true"></i>'
            make_link: false
            path: ''
            absolute: false
            external: false
            replace_spaces: false
            path_case: none
            trim_whitespace: false
            alt: ''
            rel: ''
            link_class: ''
            prefix: ''
            suffix: ''
            target: ''
            nl2br: false
            max_length: 0
            word_boundary: true
            ellipsis: true
            more_link: false
            more_link_text: ''
            more_link_path: ''
            strip_tags: false
            trim: false
            preserve_tags: ''
            html: false
          element_type: ''
          element_class: ''
          element_label_type: ''
          element_label_class: ''
          element_label_colon: false
          element_wrapper_type: ''
          element_wrapper_class: ''
          element_default_classes: true
          empty: ''
          hide_empty: false
          empty_zero: false
          hide_alter_empty: false
          plugin_id: custom
        field_event_building:
          id: field_event_building
          table: node__field_event_building
          field: field_event_building
          relationship: none
          group_type: group
          admin_label: ''
          label: ''
          exclude: false
          alter:
            alter_text: false
            text: ''
            make_link: false
            path: ''
            absolute: false
            external: false
            replace_spaces: false
            path_case: none
            trim_whitespace: false
            alt: ''
            rel: ''
            link_class: ''
            prefix: ''
            suffix: ''
            target: ''
            nl2br: false
            max_length: 0
            word_boundary: true
            ellipsis: true
            more_link: false
            more_link_text: ''
            more_link_path: ''
            strip_tags: false
            trim: false
            preserve_tags: ''
            html: false
          element_type: ''
          element_class: ''
          element_label_type: ''
          element_label_class: ''
          element_label_colon: false
          element_wrapper_type: ''
          element_wrapper_class: ''
          element_default_classes: true
          empty: ''
          hide_empty: false
          empty_zero: false
          hide_alter_empty: true
          click_sort_column: value
          type: string
          settings:
            link_to_entity: false
          group_column: value
          group_columns: {  }
          group_rows: true
          delta_limit: 0
          delta_offset: 0
          delta_reversed: false
          delta_first_last: false
          multi_type: separator
          separator: ', '
          field_api_classes: false
          plugin_id: field
        field_additional_location_inform:
          id: field_additional_location_inform
          table: node__field_additional_location_inform
          field: field_additional_location_inform
          relationship: none
          group_type: group
          admin_label: ''
          label: ''
          exclude: false
          alter:
            alter_text: false
            text: '<i class="fa fa-map-marker" aria-hidden="true"></i>'
            make_link: false
            path: ''
            absolute: false
            external: false
            replace_spaces: false
            path_case: none
            trim_whitespace: false
            alt: ''
            rel: ''
            link_class: ''
            prefix: ''
            suffix: ''
            target: ''
            nl2br: false
            max_length: 0
            word_boundary: true
            ellipsis: true
            more_link: false
            more_link_text: ''
            more_link_path: ''
            strip_tags: false
            trim: false
            preserve_tags: ''
            html: false
          element_type: ''
          element_class: ''
          element_label_type: ''
          element_label_class: ''
          element_label_colon: false
          element_wrapper_type: ''
          element_wrapper_class: ''
          element_default_classes: true
          empty: ''
          hide_empty: false
          empty_zero: false
          hide_alter_empty: true
          click_sort_column: value
          type: string
          settings:
            link_to_entity: false
          group_column: value
          group_columns: {  }
          group_rows: true
          delta_limit: 0
          delta_offset: 0
          delta_reversed: false
          delta_first_last: false
          multi_type: separator
          separator: ', '
          field_api_classes: false
          plugin_id: field
        field_event_location_additional_name:
          id: field_event_location_additional_name
          table: node__field_event_location
          field: field_event_location_additional_name
          relationship: none
          group_type: group
          admin_label: ''
          label: ''
          exclude: false
          alter:
            alter_text: false
            text: ''
            make_link: false
            path: ''
            absolute: false
            external: false
            replace_spaces: false
            path_case: none
            trim_whitespace: false
            alt: ''
            rel: ''
            link_class: ''
            prefix: ''
            suffix: ''
            target: ''
            nl2br: false
            max_length: 0
            word_boundary: true
            ellipsis: true
            more_link: false
            more_link_text: ''
            more_link_path: ''
            strip_tags: false
            trim: false
            preserve_tags: ''
            html: false
          element_type: ''
          element_class: ''
          element_label_type: ''
          element_label_class: ''
          element_label_colon: false
          element_wrapper_type: ''
          element_wrapper_class: ''
          element_default_classes: true
          empty: ''
          hide_empty: false
          empty_zero: false
          hide_alter_empty: true
          plugin_id: standard
        field_event_location_address_line1:
          id: field_event_location_address_line1
          table: node__field_event_location
          field: field_event_location_address_line1
          relationship: none
          group_type: group
          admin_label: ''
          label: ''
          exclude: false
          alter:
            alter_text: false
            text: ''
            make_link: false
            path: ''
            absolute: false
            external: false
            replace_spaces: false
            path_case: none
            trim_whitespace: false
            alt: ''
            rel: ''
            link_class: ''
            prefix: ''
            suffix: ''
            target: ''
            nl2br: false
            max_length: 0
            word_boundary: true
            ellipsis: true
            more_link: false
            more_link_text: ''
            more_link_path: ''
            strip_tags: false
            trim: false
            preserve_tags: ''
            html: false
          element_type: ''
          element_class: ''
          element_label_type: ''
          element_label_class: ''
          element_label_colon: false
          element_wrapper_type: ''
          element_wrapper_class: ''
          element_default_classes: true
          empty: ''
          hide_empty: false
          empty_zero: false
          hide_alter_empty: true
          plugin_id: standard
        field_event_location_address_line2:
          id: field_event_location_address_line2
          table: node__field_event_location
          field: field_event_location_address_line2
          relationship: none
          group_type: group
          admin_label: ''
          label: ''
          exclude: false
          alter:
            alter_text: false
            text: ''
            make_link: false
            path: ''
            absolute: false
            external: false
            replace_spaces: false
            path_case: none
            trim_whitespace: false
            alt: ''
            rel: ''
            link_class: ''
            prefix: ''
            suffix: ''
            target: ''
            nl2br: false
            max_length: 0
            word_boundary: true
            ellipsis: true
            more_link: false
            more_link_text: ''
            more_link_path: ''
            strip_tags: false
            trim: false
            preserve_tags: ''
            html: false
          element_type: ''
          element_class: ''
          element_label_type: ''
          element_label_class: ''
          element_label_colon: false
          element_wrapper_type: ''
          element_wrapper_class: ''
          element_default_classes: true
          empty: ''
          hide_empty: false
          empty_zero: false
          hide_alter_empty: true
          plugin_id: standard
        field_event_location_locality:
          id: field_event_location_locality
          table: node__field_event_location
          field: field_event_location_locality
          relationship: none
          group_type: group
          admin_label: ''
          label: ''
          exclude: false
          alter:
            alter_text: false
            text: ''
            make_link: false
            path: ''
            absolute: false
            external: false
            replace_spaces: false
            path_case: none
            trim_whitespace: false
            alt: ''
            rel: ''
            link_class: ''
            prefix: ''
            suffix: ''
            target: ''
            nl2br: false
            max_length: 0
            word_boundary: true
            ellipsis: true
            more_link: false
            more_link_text: ''
            more_link_path: ''
            strip_tags: false
            trim: false
            preserve_tags: ''
            html: false
          element_type: ''
          element_class: ''
          element_label_type: ''
          element_label_class: ''
          element_label_colon: false
          element_wrapper_type: ''
          element_wrapper_class: ''
          element_default_classes: true
          empty: ''
          hide_empty: false
          empty_zero: false
          hide_alter_empty: true
          plugin_id: subdivision
        field_event_location_administrative_area:
          id: field_event_location_administrative_area
          table: node__field_event_location
          field: field_event_location_administrative_area
          relationship: none
          group_type: group
          admin_label: ''
          label: ''
          exclude: false
          alter:
            alter_text: false
            text: '{{ field_event_location_locality }}, {{ field_event_location_administrative_area }'
            make_link: false
            path: ''
            absolute: false
            external: false
            replace_spaces: false
            path_case: none
            trim_whitespace: false
            alt: ''
            rel: ''
            link_class: ''
            prefix: ''
            suffix: ''
            target: ''
            nl2br: false
            max_length: 0
            word_boundary: true
            ellipsis: true
            more_link: false
            more_link_text: ''
            more_link_path: ''
            strip_tags: false
            trim: false
            preserve_tags: ''
            html: false
          element_type: ''
          element_class: ''
          element_label_type: ''
          element_label_class: ''
          element_label_colon: false
          element_wrapper_type: ''
          element_wrapper_class: ''
          element_default_classes: true
          empty: ''
          hide_empty: false
          empty_zero: false
          hide_alter_empty: true
          plugin_id: subdivision
        field_event_location_postal_code:
          id: field_event_location_postal_code
          table: node__field_event_location
          field: field_event_location_postal_code
          relationship: none
          group_type: group
          admin_label: ''
          label: ''
          exclude: false
          alter:
            alter_text: false
            text: ''
            make_link: false
            path: ''
            absolute: false
            external: false
            replace_spaces: false
            path_case: none
            trim_whitespace: false
            alt: ''
            rel: ''
            link_class: ''
            prefix: ''
            suffix: ''
            target: ''
            nl2br: false
            max_length: 0
            word_boundary: true
            ellipsis: true
            more_link: false
            more_link_text: ''
            more_link_path: ''
            strip_tags: false
            trim: false
            preserve_tags: ''
            html: false
          element_type: ''
          element_class: ''
          element_label_type: ''
          element_label_class: ''
          element_label_colon: false
          element_wrapper_type: ''
          element_wrapper_class: ''
          element_default_classes: true
          empty: ''
          hide_empty: false
          empty_zero: false
          hide_alter_empty: true
          plugin_id: standard
        field_event_location_sorting_code:
          id: field_event_location_sorting_code
          table: node__field_event_location
          field: field_event_location_sorting_code
          relationship: none
          group_type: group
          admin_label: ''
          label: ''
          exclude: false
          alter:
            alter_text: false
            text: "<i class=\"fa fa-map-marker\" aria-hidden=\"true\"></i>{{ field_additional_location_inform }}\n{{ field_event_location_additional_name }}\n{{ field_event_location_address_line1 }}\n{{ field_event_location_address_line2 }}\n{{ field_event_location_locality }}\n{{ field_event_location_administrative_area }}\n{{ field_event_location_sorting_code }}"
            make_link: false
            path: ''
            absolute: false
            external: false
            replace_spaces: false
            path_case: none
            trim_whitespace: false
            alt: ''
            rel: ''
            link_class: ''
            prefix: ''
            suffix: ''
            target: ''
            nl2br: false
            max_length: 0
            word_boundary: true
            ellipsis: true
            more_link: false
            more_link_text: ''
            more_link_path: ''
            strip_tags: false
            trim: false
            preserve_tags: ''
            html: false
          element_type: ''
          element_class: ''
          element_label_type: ''
          element_label_class: ''
          element_label_colon: false
          element_wrapper_type: ''
          element_wrapper_class: ''
          element_default_classes: true
          empty: ''
          hide_empty: false
          empty_zero: false
          hide_alter_empty: true
          plugin_id: standard
      filters:
        status:
          value: '1'
          table: node_field_data
          field: status
          plugin_id: boolean
          entity_type: node
          entity_field: status
          id: status
          expose:
            operator: ''
          group: 1
        type:
          id: type
          table: node_field_data
          field: type
          value:
            event: event
          entity_type: node
          entity_field: type
          plugin_id: bundle
      sorts: {  }
      title: ''
      header: {  }
      footer:
        area:
          id: area
          table: views
          field: area
          relationship: none
          group_type: group
          admin_label: ''
          empty: false
          tokenize: false
          content:
            value: '<br><div class=""><a href="/calendar">View Full Calendar ></a></div>'
            format: full_html
          plugin_id: text
      empty: {  }
      relationships: {  }
      arguments:
        nid:
          id: nid
          table: node_field_data
          field: nid
          relationship: none
          group_type: group
          admin_label: ''
          default_action: default
          exception:
            value: all
            title_enable: false
            title: All
          title_enable: false
          title: ''
          default_argument_type: node
          default_argument_options: {  }
          default_argument_skip_url: false
          summary_options:
            base_path: ''
            count: true
            items_per_page: 25
            override: false
          summary:
            sort_order: asc
            number_of_records: 0
            format: default_summary
          specify_validation: false
          validate:
            type: none
            fail: 'not found'
          validate_options: {  }
          break_phrase: false
          not: false
          entity_type: node
          entity_field: nid
          plugin_id: node_nid
      display_extenders: {  }
    cache_metadata:
      max-age: -1
      contexts:
        - 'languages:language_content'
        - 'languages:language_interface'
        - url
        - 'user.node_grants:view'
        - user.permissions
      tags:
        - 'config:field.storage.node.field_additional_location_inform'
        - 'config:field.storage.node.field_event_building'
        - 'config:field.storage.node.field_event_date'
        - 'config:field.storage.node.field_time_zones'
  block_1:
    display_plugin: block
    id: block_1
    display_title: Block
    position: 1
    display_options:
      display_extenders: {  }
    cache_metadata:
      max-age: -1
      contexts:
        - 'languages:language_content'
        - 'languages:language_interface'
        - url
        - 'user.node_grants:view'
        - user.permissions
      tags:
        - 'config:field.storage.node.field_additional_location_inform'
        - 'config:field.storage.node.field_event_building'
        - 'config:field.storage.node.field_event_date'
        - 'config:field.storage.node.field_time_zones'
